// !$*UTF8*$!
{
	archiveVersion = 1;
	classes = {
	};
	objectVersion = 55;
	objects = {

/* Begin PBXBuildFile section */
		510C2F6527E4B603009ED161 /* AppDelegate.swift in Sources */ = {isa = PBXBuildFile; fileRef = 510C2F6427E4B603009ED161 /* AppDelegate.swift */; };
		510C2F6727E4B603009ED161 /* SceneDelegate.swift in Sources */ = {isa = PBXBuildFile; fileRef = 510C2F6627E4B603009ED161 /* SceneDelegate.swift */; };
		510C2F6927E4B603009ED161 /* ViewController.swift in Sources */ = {isa = PBXBuildFile; fileRef = 510C2F6827E4B603009ED161 /* ViewController.swift */; };
		510C2F6C27E4B603009ED161 /* Main.storyboard in Resources */ = {isa = PBXBuildFile; fileRef = 510C2F6A27E4B603009ED161 /* Main.storyboard */; };
		510C2F6F27E4B603009ED161 /* Blackstar.xcdatamodeld in Sources */ = {isa = PBXBuildFile; fileRef = 510C2F6D27E4B603009ED161 /* Blackstar.xcdatamodeld */; };
		510C2F7127E4B606009ED161 /* Assets.xcassets in Resources */ = {isa = PBXBuildFile; fileRef = 510C2F7027E4B606009ED161 /* Assets.xcassets */; };
		510C2F7427E4B606009ED161 /* LaunchScreen.storyboard in Resources */ = {isa = PBXBuildFile; fileRef = 510C2F7227E4B606009ED161 /* LaunchScreen.storyboard */; };
		510C2F7F27E4B606009ED161 /* BlackstarTests.swift in Sources */ = {isa = PBXBuildFile; fileRef = 510C2F7E27E4B606009ED161 /* BlackstarTests.swift */; };
		510C2F8927E4B606009ED161 /* BlackstarUITests.swift in Sources */ = {isa = PBXBuildFile; fileRef = 510C2F8827E4B606009ED161 /* BlackstarUITests.swift */; };
		510C2F8B27E4B606009ED161 /* BlackstarUITestsLaunchTests.swift in Sources */ = {isa = PBXBuildFile; fileRef = 510C2F8A27E4B606009ED161 /* BlackstarUITestsLaunchTests.swift */; };
/* End PBXBuildFile section */

/* Begin PBXContainerItemProxy section */
		510C2F7B27E4B606009ED161 /* PBXContainerItemProxy */ = {
			isa = PBXContainerItemProxy;
			containerPortal = 510C2F5927E4B603009ED161 /* Project object */;
			proxyType = 1;
			remoteGlobalIDString = 510C2F6027E4B603009ED161;
			remoteInfo = Blackstar;
		};
		510C2F8527E4B606009ED161 /* PBXContainerItemProxy */ = {
			isa = PBXContainerItemProxy;
			containerPortal = 510C2F5927E4B603009ED161 /* Project object */;
			proxyType = 1;
			remoteGlobalIDString = 510C2F6027E4B603009ED161;
			remoteInfo = Blackstar;
		};
/* End PBXContainerItemProxy section */

/* Begin PBXFileReference section */
		510C2F6127E4B603009ED161 /* Blackstar.app */ = {isa = PBXFileReference; explicitFileType = wrapper.application; includeInIndex = 0; path = Blackstar.app; sourceTree = BUILT_PRODUCTS_DIR; };
		510C2F6427E4B603009ED161 /* AppDelegate.swift */ = {isa = PBXFileReference; lastKnownFileType = sourcecode.swift; path = AppDelegate.swift; sourceTree = "<group>"; };
		510C2F6627E4B603009ED161 /* SceneDelegate.swift */ = {isa = PBXFileReference; lastKnownFileType = sourcecode.swift; path = SceneDelegate.swift; sourceTree = "<group>"; };
		510C2F6827E4B603009ED161 /* ViewController.swift */ = {isa = PBXFileReference; lastKnownFileType = sourcecode.swift; path = ViewController.swift; sourceTree = "<group>"; };
		510C2F6B27E4B603009ED161 /* Base */ = {isa = PBXFileReference; lastKnownFileType = file.storyboard; name = Base; path = Base.lproj/Main.storyboard; sourceTree = "<group>"; };
		510C2F6E27E4B603009ED161 /* Blackstar.xcdatamodel */ = {isa = PBXFileReference; lastKnownFileType = wrapper.xcdatamodel; path = Blackstar.xcdatamodel; sourceTree = "<group>"; };
		510C2F7027E4B606009ED161 /* Assets.xcassets */ = {isa = PBXFileReference; lastKnownFileType = folder.assetcatalog; path = Assets.xcassets; sourceTree = "<group>"; };
		510C2F7327E4B606009ED161 /* Base */ = {isa = PBXFileReference; lastKnownFileType = file.storyboard; name = Base; path = Base.lproj/LaunchScreen.storyboard; sourceTree = "<group>"; };
		510C2F7527E4B606009ED161 /* Info.plist */ = {isa = PBXFileReference; lastKnownFileType = text.plist.xml; path = Info.plist; sourceTree = "<group>"; };
		510C2F7A27E4B606009ED161 /* BlackstarTests.xctest */ = {isa = PBXFileReference; explicitFileType = wrapper.cfbundle; includeInIndex = 0; path = BlackstarTests.xctest; sourceTree = BUILT_PRODUCTS_DIR; };
		510C2F7E27E4B606009ED161 /* BlackstarTests.swift */ = {isa = PBXFileReference; lastKnownFileType = sourcecode.swift; path = BlackstarTests.swift; sourceTree = "<group>"; };
		510C2F8427E4B606009ED161 /* BlackstarUITests.xctest */ = {isa = PBXFileReference; explicitFileType = wrapper.cfbundle; includeInIndex = 0; path = BlackstarUITests.xctest; sourceTree = BUILT_PRODUCTS_DIR; };
		510C2F8827E4B606009ED161 /* BlackstarUITests.swift */ = {isa = PBXFileReference; lastKnownFileType = sourcecode.swift; path = BlackstarUITests.swift; sourceTree = "<group>"; };
		510C2F8A27E4B606009ED161 /* BlackstarUITestsLaunchTests.swift */ = {isa = PBXFileReference; lastKnownFileType = sourcecode.swift; path = BlackstarUITestsLaunchTests.swift; sourceTree = "<group>"; };
/* End PBXFileReference section */

/* Begin PBXFrameworksBuildPhase section */
		510C2F5E27E4B603009ED161 /* Frameworks */ = {
			isa = PBXFrameworksBuildPhase;
			buildActionMask = 2147483647;
			files = (
			);
			runOnlyForDeploymentPostprocessing = 0;
		};
		510C2F7727E4B606009ED161 /* Frameworks */ = {
			isa = PBXFrameworksBuildPhase;
			buildActionMask = 2147483647;
			files = (
			);
			runOnlyForDeploymentPostprocessing = 0;
		};
		510C2F8127E4B606009ED161 /* Frameworks */ = {
			isa = PBXFrameworksBuildPhase;
			buildActionMask = 2147483647;
			files = (
			);
			runOnlyForDeploymentPostprocessing = 0;
		};
/* End PBXFrameworksBuildPhase section */

/* Begin PBXGroup section */
		510C2F5827E4B603009ED161 = {
			isa = PBXGroup;
			children = (
				510C2F6327E4B603009ED161 /* Blackstar */,
				510C2F7D27E4B606009ED161 /* BlackstarTests */,
				510C2F8727E4B606009ED161 /* BlackstarUITests */,
				510C2F6227E4B603009ED161 /* Products */,
			);
			sourceTree = "<group>";
		};
		510C2F6227E4B603009ED161 /* Products */ = {
			isa = PBXGroup;
			children = (
				510C2F6127E4B603009ED161 /* Blackstar.app */,
				510C2F7A27E4B606009ED161 /* BlackstarTests.xctest */,
				510C2F8427E4B606009ED161 /* BlackstarUITests.xctest */,
			);
			name = Products;
			sourceTree = "<group>";
		};
		510C2F6327E4B603009ED161 /* Blackstar */ = {
			isa = PBXGroup;
			children = (
				510C2F9927E4B705009ED161 /* Views */,
				510C2F9827E4B6FC009ED161 /* Controllers */,
				510C2F9727E4B6ED009ED161 /* Delegates */,
				510C2F7027E4B606009ED161 /* Assets.xcassets */,
				510C2F7227E4B606009ED161 /* LaunchScreen.storyboard */,
				510C2F7527E4B606009ED161 /* Info.plist */,
				510C2F6D27E4B603009ED161 /* Blackstar.xcdatamodeld */,
			);
			path = Blackstar;
			sourceTree = "<group>";
		};
		510C2F7D27E4B606009ED161 /* BlackstarTests */ = {
			isa = PBXGroup;
			children = (
				510C2F7E27E4B606009ED161 /* BlackstarTests.swift */,
			);
			path = BlackstarTests;
			sourceTree = "<group>";
		};
		510C2F8727E4B606009ED161 /* BlackstarUITests */ = {
			isa = PBXGroup;
			children = (
				510C2F8827E4B606009ED161 /* BlackstarUITests.swift */,
				510C2F8A27E4B606009ED161 /* BlackstarUITestsLaunchTests.swift */,
			);
			path = BlackstarUITests;
			sourceTree = "<group>";
		};
		510C2F9727E4B6ED009ED161 /* Delegates */ = {
			isa = PBXGroup;
			children = (
				510C2F6427E4B603009ED161 /* AppDelegate.swift */,
				510C2F6627E4B603009ED161 /* SceneDelegate.swift */,
			);
			path = Delegates;
			sourceTree = "<group>";
		};
		510C2F9827E4B6FC009ED161 /* Controllers */ = {
			isa = PBXGroup;
			children = (
				510C2F6827E4B603009ED161 /* ViewController.swift */,
			);
			path = Controllers;
			sourceTree = "<group>";
		};
		510C2F9927E4B705009ED161 /* Views */ = {
			isa = PBXGroup;
			children = (
				510C2F6A27E4B603009ED161 /* Main.storyboard */,
			);
			path = Views;
			sourceTree = "<group>";
		};
/* End PBXGroup section */

/* Begin PBXNativeTarget section */
		510C2F6027E4B603009ED161 /* Blackstar */ = {
			isa = PBXNativeTarget;
			buildConfigurationList = 510C2F8E27E4B606009ED161 /* Build configuration list for PBXNativeTarget "Blackstar" */;
			buildPhases = (
				510C2F5D27E4B603009ED161 /* Sources */,
				510C2F5E27E4B603009ED161 /* Frameworks */,
				510C2F5F27E4B603009ED161 /* Resources */,
			);
			buildRules = (
			);
			dependencies = (
			);
			name = Blackstar;
			productName = Blackstar;
			productReference = 510C2F6127E4B603009ED161 /* Blackstar.app */;
			productType = "com.apple.product-type.application";
		};
		510C2F7927E4B606009ED161 /* BlackstarTests */ = {
			isa = PBXNativeTarget;
			buildConfigurationList = 510C2F9127E4B606009ED161 /* Build configuration list for PBXNativeTarget "BlackstarTests" */;
			buildPhases = (
				510C2F7627E4B606009ED161 /* Sources */,
				510C2F7727E4B606009ED161 /* Frameworks */,
				510C2F7827E4B606009ED161 /* Resources */,
			);
			buildRules = (
			);
			dependencies = (
				510C2F7C27E4B606009ED161 /* PBXTargetDependency */,
			);
			name = BlackstarTests;
			productName = BlackstarTests;
			productReference = 510C2F7A27E4B606009ED161 /* BlackstarTests.xctest */;
			productType = "com.apple.product-type.bundle.unit-test";
		};
		510C2F8327E4B606009ED161 /* BlackstarUITests */ = {
			isa = PBXNativeTarget;
			buildConfigurationList = 510C2F9427E4B606009ED161 /* Build configuration list for PBXNativeTarget "BlackstarUITests" */;
			buildPhases = (
				510C2F8027E4B606009ED161 /* Sources */,
				510C2F8127E4B606009ED161 /* Frameworks */,
				510C2F8227E4B606009ED161 /* Resources */,
			);
			buildRules = (
			);
			dependencies = (
				510C2F8627E4B606009ED161 /* PBXTargetDependency */,
			);
			name = BlackstarUITests;
			productName = BlackstarUITests;
			productReference = 510C2F8427E4B606009ED161 /* BlackstarUITests.xctest */;
			productType = "com.apple.product-type.bundle.ui-testing";
		};
/* End PBXNativeTarget section */

/* Begin PBXProject section */
		510C2F5927E4B603009ED161 /* Project object */ = {
			isa = PBXProject;
			attributes = {
				BuildIndependentTargetsInParallel = 1;
				LastSwiftUpdateCheck = 1330;
				LastUpgradeCheck = 1330;
				TargetAttributes = {
					510C2F6027E4B603009ED161 = {
						CreatedOnToolsVersion = 13.3;
					};
					510C2F7927E4B606009ED161 = {
						CreatedOnToolsVersion = 13.3;
						TestTargetID = 510C2F6027E4B603009ED161;
					};
					510C2F8327E4B606009ED161 = {
						CreatedOnToolsVersion = 13.3;
						TestTargetID = 510C2F6027E4B603009ED161;
					};
				};
			};
			buildConfigurationList = 510C2F5C27E4B603009ED161 /* Build configuration list for PBXProject "Blackstar" */;
			compatibilityVersion = "Xcode 13.0";
			developmentRegion = en;
			hasScannedForEncodings = 0;
			knownRegions = (
				en,
				Base,
			);
			mainGroup = 510C2F5827E4B603009ED161;
			productRefGroup = 510C2F6227E4B603009ED161 /* Products */;
			projectDirPath = "";
			projectRoot = "";
			targets = (
				510C2F6027E4B603009ED161 /* Blackstar */,
				510C2F7927E4B606009ED161 /* BlackstarTests */,
				510C2F8327E4B606009ED161 /* BlackstarUITests */,
			);
		};
/* End PBXProject section */

/* Begin PBXResourcesBuildPhase section */
		510C2F5F27E4B603009ED161 /* Resources */ = {
			isa = PBXResourcesBuildPhase;
			buildActionMask = 2147483647;
			files = (
				510C2F7427E4B606009ED161 /* LaunchScreen.storyboard in Resources */,
				510C2F7127E4B606009ED161 /* Assets.xcassets in Resources */,
				510C2F6C27E4B603009ED161 /* Main.storyboard in Resources */,
			);
			runOnlyForDeploymentPostprocessing = 0;
		};
		510C2F7827E4B606009ED161 /* Resources */ = {
			isa = PBXResourcesBuildPhase;
			buildActionMask = 2147483647;
			files = (
			);
			runOnlyForDeploymentPostprocessing = 0;
		};
		510C2F8227E4B606009ED161 /* Resources */ = {
			isa = PBXResourcesBuildPhase;
			buildActionMask = 2147483647;
			files = (
			);
			runOnlyForDeploymentPostprocessing = 0;
		};
/* End PBXResourcesBuildPhase section */

/* Begin PBXSourcesBuildPhase section */
		510C2F5D27E4B603009ED161 /* Sources */ = {
			isa = PBXSourcesBuildPhase;
			buildActionMask = 2147483647;
			files = (
				510C2F6927E4B603009ED161 /* ViewController.swift in Sources */,
				510C2F6F27E4B603009ED161 /* Blackstar.xcdatamodeld in Sources */,
				510C2F6527E4B603009ED161 /* AppDelegate.swift in Sources */,
				510C2F6727E4B603009ED161 /* SceneDelegate.swift in Sources */,
			);
			runOnlyForDeploymentPostprocessing = 0;
		};
		510C2F7627E4B606009ED161 /* Sources */ = {
			isa = PBXSourcesBuildPhase;
			buildActionMask = 2147483647;
			files = (
				510C2F7F27E4B606009ED161 /* BlackstarTests.swift in Sources */,
			);
			runOnlyForDeploymentPostprocessing = 0;
		};
		510C2F8027E4B606009ED161 /* Sources */ = {
			isa = PBXSourcesBuildPhase;
			buildActionMask = 2147483647;
			files = (
				510C2F8B27E4B606009ED161 /* BlackstarUITestsLaunchTests.swift in Sources */,
				510C2F8927E4B606009ED161 /* BlackstarUITests.swift in Sources */,
			);
			runOnlyForDeploymentPostprocessing = 0;
		};
/* End PBXSourcesBuildPhase section */

/* Begin PBXTargetDependency section */
		510C2F7C27E4B606009ED161 /* PBXTargetDependency */ = {
			isa = PBXTargetDependency;
			target = 510C2F6027E4B603009ED161 /* Blackstar */;
			targetProxy = 510C2F7B27E4B606009ED161 /* PBXContainerItemProxy */;
		};
		510C2F8627E4B606009ED161 /* PBXTargetDependency */ = {
			isa = PBXTargetDependency;
			target = 510C2F6027E4B603009ED161 /* Blackstar */;
			targetProxy = 510C2F8527E4B606009ED161 /* PBXContainerItemProxy */;
		};
/* End PBXTargetDependency section */

/* Begin PBXVariantGroup section */
		510C2F6A27E4B603009ED161 /* Main.storyboard */ = {
			isa = PBXVariantGroup;
			children = (
				510C2F6B27E4B603009ED161 /* Base */,
			);
			name = Main.storyboard;
			sourceTree = "<group>";
		};
		510C2F7227E4B606009ED161 /* LaunchScreen.storyboard */ = {
			isa = PBXVariantGroup;
			children = (
				510C2F7327E4B606009ED161 /* Base */,
			);
			name = LaunchScreen.storyboard;
			sourceTree = "<group>";
		};
/* End PBXVariantGroup section */

/* Begin XCBuildConfiguration section */
		510C2F8C27E4B606009ED161 /* Debug */ = {
			isa = XCBuildConfiguration;
			buildSettings = {
				ALWAYS_SEARCH_USER_PATHS = NO;
				CLANG_ANALYZER_NONNULL = YES;
				CLANG_ANALYZER_NUMBER_OBJECT_CONVERSION = YES_AGGRESSIVE;
				CLANG_CXX_LANGUAGE_STANDARD = "gnu++17";
				CLANG_ENABLE_MODULES = YES;
				CLANG_ENABLE_OBJC_ARC = YES;
				CLANG_ENABLE_OBJC_WEAK = YES;
				CLANG_WARN_BLOCK_CAPTURE_AUTORELEASING = YES;
				CLANG_WARN_BOOL_CONVERSION = YES;
				CLANG_WARN_COMMA = YES;
				CLANG_WARN_CONSTANT_CONVERSION = YES;
				CLANG_WARN_DEPRECATED_OBJC_IMPLEMENTATIONS = YES;
				CLANG_WARN_DIRECT_OBJC_ISA_USAGE = YES_ERROR;
				CLANG_WARN_DOCUMENTATION_COMMENTS = YES;
				CLANG_WARN_EMPTY_BODY = YES;
				CLANG_WARN_ENUM_CONVERSION = YES;
				CLANG_WARN_INFINITE_RECURSION = YES;
				CLANG_WARN_INT_CONVERSION = YES;
				CLANG_WARN_NON_LITERAL_NULL_CONVERSION = YES;
				CLANG_WARN_OBJC_IMPLICIT_RETAIN_SELF = YES;
				CLANG_WARN_OBJC_LITERAL_CONVERSION = YES;
				CLANG_WARN_OBJC_ROOT_CLASS = YES_ERROR;
				CLANG_WARN_QUOTED_INCLUDE_IN_FRAMEWORK_HEADER = YES;
				CLANG_WARN_RANGE_LOOP_ANALYSIS = YES;
				CLANG_WARN_STRICT_PROTOTYPES = YES;
				CLANG_WARN_SUSPICIOUS_MOVE = YES;
				CLANG_WARN_UNGUARDED_AVAILABILITY = YES_AGGRESSIVE;
				CLANG_WARN_UNREACHABLE_CODE = YES;
				CLANG_WARN__DUPLICATE_METHOD_MATCH = YES;
				COPY_PHASE_STRIP = NO;
				DEBUG_INFORMATION_FORMAT = dwarf;
				ENABLE_STRICT_OBJC_MSGSEND = YES;
				ENABLE_TESTABILITY = YES;
				GCC_C_LANGUAGE_STANDARD = gnu11;
				GCC_DYNAMIC_NO_PIC = NO;
				GCC_NO_COMMON_BLOCKS = YES;
				GCC_OPTIMIZATION_LEVEL = 0;
				GCC_PREPROCESSOR_DEFINITIONS = (
					"DEBUG=1",
					"$(inherited)",
				);
				GCC_WARN_64_TO_32_BIT_CONVERSION = YES;
				GCC_WARN_ABOUT_RETURN_TYPE = YES_ERROR;
				GCC_WARN_UNDECLARED_SELECTOR = YES;
				GCC_WARN_UNINITIALIZED_AUTOS = YES_AGGRESSIVE;
				GCC_WARN_UNUSED_FUNCTION = YES;
				GCC_WARN_UNUSED_VARIABLE = YES;
				IPHONEOS_DEPLOYMENT_TARGET = 15.4;
				MTL_ENABLE_DEBUG_INFO = INCLUDE_SOURCE;
				MTL_FAST_MATH = YES;
				ONLY_ACTIVE_ARCH = YES;
				SDKROOT = iphoneos;
				SWIFT_ACTIVE_COMPILATION_CONDITIONS = DEBUG;
				SWIFT_OPTIMIZATION_LEVEL = "-Onone";
			};
			name = Debug;
		};
		510C2F8D27E4B606009ED161 /* Release */ = {
			isa = XCBuildConfiguration;
			buildSettings = {
				ALWAYS_SEARCH_USER_PATHS = NO;
				CLANG_ANALYZER_NONNULL = YES;
				CLANG_ANALYZER_NUMBER_OBJECT_CONVERSION = YES_AGGRESSIVE;
				CLANG_CXX_LANGUAGE_STANDARD = "gnu++17";
				CLANG_ENABLE_MODULES = YES;
				CLANG_ENABLE_OBJC_ARC = YES;
				CLANG_ENABLE_OBJC_WEAK = YES;
				CLANG_WARN_BLOCK_CAPTURE_AUTORELEASING = YES;
				CLANG_WARN_BOOL_CONVERSION = YES;
				CLANG_WARN_COMMA = YES;
				CLANG_WARN_CONSTANT_CONVERSION = YES;
				CLANG_WARN_DEPRECATED_OBJC_IMPLEMENTATIONS = YES;
				CLANG_WARN_DIRECT_OBJC_ISA_USAGE = YES_ERROR;
				CLANG_WARN_DOCUMENTATION_COMMENTS = YES;
				CLANG_WARN_EMPTY_BODY = YES;
				CLANG_WARN_ENUM_CONVERSION = YES;
				CLANG_WARN_INFINITE_RECURSION = YES;
				CLANG_WARN_INT_CONVERSION = YES;
				CLANG_WARN_NON_LITERAL_NULL_CONVERSION = YES;
				CLANG_WARN_OBJC_IMPLICIT_RETAIN_SELF = YES;
				CLANG_WARN_OBJC_LITERAL_CONVERSION = YES;
				CLANG_WARN_OBJC_ROOT_CLASS = YES_ERROR;
				CLANG_WARN_QUOTED_INCLUDE_IN_FRAMEWORK_HEADER = YES;
				CLANG_WARN_RANGE_LOOP_ANALYSIS = YES;
				CLANG_WARN_STRICT_PROTOTYPES = YES;
				CLANG_WARN_SUSPICIOUS_MOVE = YES;
				CLANG_WARN_UNGUARDED_AVAILABILITY = YES_AGGRESSIVE;
				CLANG_WARN_UNREACHABLE_CODE = YES;
				CLANG_WARN__DUPLICATE_METHOD_MATCH = YES;
				COPY_PHASE_STRIP = NO;
				DEBUG_INFORMATION_FORMAT = "dwarf-with-dsym";
				ENABLE_NS_ASSERTIONS = NO;
				ENABLE_STRICT_OBJC_MSGSEND = YES;
				GCC_C_LANGUAGE_STANDARD = gnu11;
				GCC_NO_COMMON_BLOCKS = YES;
				GCC_WARN_64_TO_32_BIT_CONVERSION = YES;
				GCC_WARN_ABOUT_RETURN_TYPE = YES_ERROR;
				GCC_WARN_UNDECLARED_SELECTOR = YES;
				GCC_WARN_UNINITIALIZED_AUTOS = YES_AGGRESSIVE;
				GCC_WARN_UNUSED_FUNCTION = YES;
				GCC_WARN_UNUSED_VARIABLE = YES;
				IPHONEOS_DEPLOYMENT_TARGET = 15.4;
				MTL_ENABLE_DEBUG_INFO = NO;
				MTL_FAST_MATH = YES;
				SDKROOT = iphoneos;
				SWIFT_COMPILATION_MODE = wholemodule;
				SWIFT_OPTIMIZATION_LEVEL = "-O";
				VALIDATE_PRODUCT = YES;
			};
			name = Release;
		};
		510C2F8F27E4B606009ED161 /* Debug */ = {
			isa = XCBuildConfiguration;
			buildSettings = {
				ASSETCATALOG_COMPILER_APPICON_NAME = AppIcon;
				ASSETCATALOG_COMPILER_GLOBAL_ACCENT_COLOR_NAME = AccentColor;
				ASSETCATALOG_COMPILER_INCLUDE_ALL_APPICON_ASSETS = NO;
				CODE_SIGN_STYLE = Automatic;
				CURRENT_PROJECT_VERSION = 1;
				DEVELOPMENT_TEAM = BL9HFGPZXP;
				GENERATE_INFOPLIST_FILE = YES;
				INFOPLIST_FILE = Blackstar/Info.plist;
				INFOPLIST_KEY_UIApplicationSupportsIndirectInputEvents = YES;
				INFOPLIST_KEY_UILaunchStoryboardName = LaunchScreen;
				INFOPLIST_KEY_UIMainStoryboardFile = Main;
				INFOPLIST_KEY_UISupportedInterfaceOrientations = UIInterfaceOrientationPortrait;
				INFOPLIST_KEY_UISupportedInterfaceOrientations_iPad = "UIInterfaceOrientationPortrait UIInterfaceOrientationPortraitUpsideDown UIInterfaceOrientationLandscapeLeft UIInterfaceOrientationLandscapeRight";
				INFOPLIST_KEY_UISupportedInterfaceOrientations_iPhone = "UIInterfaceOrientationPortrait UIInterfaceOrientationLandscapeLeft UIInterfaceOrientationLandscapeRight";
				LD_RUNPATH_SEARCH_PATHS = (
					"$(inherited)",
					"@executable_path/Frameworks",
				);
				MARKETING_VERSION = 1.0;
				PRODUCT_BUNDLE_IDENTIFIER = games.asura.Blackstar;
				PRODUCT_NAME = "$(TARGET_NAME)";
				SWIFT_EMIT_LOC_STRINGS = YES;
				SWIFT_VERSION = 5.0;
				TARGETED_DEVICE_FAMILY = 1;
			};
			name = Debug;
		};
		510C2F9027E4B606009ED161 /* Release */ = {
			isa = XCBuildConfiguration;
			buildSettings = {
				ASSETCATALOG_COMPILER_APPICON_NAME = AppIcon;
				ASSETCATALOG_COMPILER_GLOBAL_ACCENT_COLOR_NAME = AccentColor;
				ASSETCATALOG_COMPILER_INCLUDE_ALL_APPICON_ASSETS = NO;
				CODE_SIGN_STYLE = Automatic;
				CURRENT_PROJECT_VERSION = 1;
				DEVELOPMENT_TEAM = BL9HFGPZXP;
				GENERATE_INFOPLIST_FILE = YES;
				INFOPLIST_FILE = Blackstar/Info.plist;
				INFOPLIST_KEY_UIApplicationSupportsIndirectInputEvents = YES;
				INFOPLIST_KEY_UILaunchStoryboardName = LaunchScreen;
				INFOPLIST_KEY_UIMainStoryboardFile = Main;
				INFOPLIST_KEY_UISupportedInterfaceOrientations = UIInterfaceOrientationPortrait;
				INFOPLIST_KEY_UISupportedInterfaceOrientations_iPad = "UIInterfaceOrientationPortrait UIInterfaceOrientationPortraitUpsideDown UIInterfaceOrientationLandscapeLeft UIInterfaceOrientationLandscapeRight";
				INFOPLIST_KEY_UISupportedInterfaceOrientations_iPhone = "UIInterfaceOrientationPortrait UIInterfaceOrientationLandscapeLeft UIInterfaceOrientationLandscapeRight";
				LD_RUNPATH_SEARCH_PATHS = (
					"$(inherited)",
					"@executable_path/Frameworks",
				);
				MARKETING_VERSION = 1.0;
				PRODUCT_BUNDLE_IDENTIFIER = games.asura.Blackstar;
				PRODUCT_NAME = "$(TARGET_NAME)";
				SWIFT_EMIT_LOC_STRINGS = YES;
				SWIFT_VERSION = 5.0;
				TARGETED_DEVICE_FAMILY = 1;
			};
			name = Release;
		};
		510C2F9227E4B606009ED161 /* Debug */ = {
			isa = XCBuildConfiguration;
			buildSettings = {
				ALWAYS_EMBED_SWIFT_STANDARD_LIBRARIES = YES;
				BUNDLE_LOADER = "$(TEST_HOST)";
				CODE_SIGN_STYLE = Automatic;
				CURRENT_PROJECT_VERSION = 1;
				DEVELOPMENT_TEAM = BL9HFGPZXP;
				GENERATE_INFOPLIST_FILE = YES;
				IPHONEOS_DEPLOYMENT_TARGET = 15.4;
				MARKETING_VERSION = 1.0;
				PRODUCT_BUNDLE_IDENTIFIER = games.asura.BlackstarTests;
				PRODUCT_NAME = "$(TARGET_NAME)";
				SWIFT_EMIT_LOC_STRINGS = NO;
				SWIFT_VERSION = 5.0;
				TARGETED_DEVICE_FAMILY = "1,2";
				TEST_HOST = "$(BUILT_PRODUCTS_DIR)/Blackstar.app/Blackstar";
			};
			name = Debug;
		};
		510C2F9327E4B606009ED161 /* Release */ = {
			isa = XCBuildConfiguration;
			buildSettings = {
				ALWAYS_EMBED_SWIFT_STANDARD_LIBRARIES = YES;
				BUNDLE_LOADER = "$(TEST_HOST)";
				CODE_SIGN_STYLE = Automatic;
				CURRENT_PROJECT_VERSION = 1;
				DEVELOPMENT_TEAM = BL9HFGPZXP;
				GENERATE_INFOPLIST_FILE = YES;
				IPHONEOS_DEPLOYMENT_TARGET = 15.4;
				MARKETING_VERSION = 1.0;
				PRODUCT_BUNDLE_IDENTIFIER = games.asura.BlackstarTests;
				PRODUCT_NAME = "$(TARGET_NAME)";
				SWIFT_EMIT_LOC_STRINGS = NO;
				SWIFT_VERSION = 5.0;
				TARGETED_DEVICE_FAMILY = "1,2";
				TEST_HOST = "$(BUILT_PRODUCTS_DIR)/Blackstar.app/Blackstar";
			};
			name = Release;
		};
		510C2F9527E4B606009ED161 /* Debug */ = {
			isa = XCBuildConfiguration;
			buildSettings = {
				ALWAYS_EMBED_SWIFT_STANDARD_LIBRARIES = YES;
				CODE_SIGN_STYLE = Automatic;
				CURRENT_PROJECT_VERSION = 1;
				DEVELOPMENT_TEAM = BL9HFGPZXP;
				GENERATE_INFOPLIST_FILE = YES;
				MARKETING_VERSION = 1.0;
				PRODUCT_BUNDLE_IDENTIFIER = games.asura.BlackstarUITests;
				PRODUCT_NAME = "$(TARGET_NAME)";
				SWIFT_EMIT_LOC_STRINGS = NO;
				SWIFT_VERSION = 5.0;
				TARGETED_DEVICE_FAMILY = "1,2";
				TEST_TARGET_NAME = Blackstar;
			};
			name = Debug;
		};
		510C2F9627E4B606009ED161 /* Release */ = {
			isa = XCBuildConfiguration;
			buildSettings = {
				ALWAYS_EMBED_SWIFT_STANDARD_LIBRARIES = YES;
				CODE_SIGN_STYLE = Automatic;
				CURRENT_PROJECT_VERSION = 1;
				DEVELOPMENT_TEAM = BL9HFGPZXP;
				GENERATE_INFOPLIST_FILE = YES;
				MARKETING_VERSION = 1.0;
				PRODUCT_BUNDLE_IDENTIFIER = games.asura.BlackstarUITests;
				PRODUCT_NAME = "$(TARGET_NAME)";
				SWIFT_EMIT_LOC_STRINGS = NO;
				SWIFT_VERSION = 5.0;
				TARGETED_DEVICE_FAMILY = "1,2";
				TEST_TARGET_NAME = Blackstar;
			};
			name = Release;
		};
/* End XCBuildConfiguration section */

/* Begin XCConfigurationList section */
		510C2F5C27E4B603009ED161 /* Build configuration list for PBXProject "Blackstar" */ = {
			isa = XCConfigurationList;
			buildConfigurations = (
				510C2F8C27E4B606009ED161 /* Debug */,
				510C2F8D27E4B606009ED161 /* Release */,
			);
			defaultConfigurationIsVisible = 0;
			defaultConfigurationName = Release;
		};
		510C2F8E27E4B606009ED161 /* Build configuration list for PBXNativeTarget "Blackstar" */ = {
			isa = XCConfigurationList;
			buildConfigurations = (
				510C2F8F27E4B606009ED161 /* Debug */,
				510C2F9027E4B606009ED161 /* Release */,
			);
			defaultConfigurationIsVisible = 0;
			defaultConfigurationName = Release;
		};
		510C2F9127E4B606009ED161 /* Build configuration list for PBXNativeTarget "BlackstarTests" */ = {
			isa = XCConfigurationList;
			buildConfigurations = (
				510C2F9227E4B606009ED161 /* Debug */,
				510C2F9327E4B606009ED161 /* Release */,
			);
			defaultConfigurationIsVisible = 0;
			defaultConfigurationName = Release;
		};
		510C2F9427E4B606009ED161 /* Build configuration list for PBXNativeTarget "BlackstarUITests" */ = {
			isa = XCConfigurationList;
			buildConfigurations = (
				510C2F9527E4B606009ED161 /* Debug */,
				510C2F9627E4B606009ED161 /* Release */,
			);
			defaultConfigurationIsVisible = 0;
			defaultConfigurationName = Release;
		};
/* End XCConfigurationList section */

/* Begin XCVersionGroup section */
		510C2F6D27E4B603009ED161 /* Blackstar.xcdatamodeld */ = {
			isa = XCVersionGroup;
			children = (
				510C2F6E27E4B603009ED161 /* Blackstar.xcdatamodel */,
			);
			currentVersion = 510C2F6E27E4B603009ED161 /* Blackstar.xcdatamodel */;
			path = Blackstar.xcdatamodeld;
			sourceTree = "<group>";
			versionGroupType = wrapper.xcdatamodel;
		};
/* End XCVersionGroup section */
	};
	rootObject = 510C2F5927E4B603009ED161 /* Project object */;
}
